// !$*UTF8*$!
{
	archiveVersion = 1;
	classes = {
	};
	objectVersion = 56;
	objects = {

/* Begin PBXBuildFile section */
		580F9F7B2BCCD03800DFC9D0 /* EmptyArtWork.png in Resources */ = {isa = PBXBuildFile; fileRef = 580F9F7A2BCCD03800DFC9D0 /* EmptyArtWork.png */; };
		581656162BF5C3920038818F /* AlertTextField.swift in Sources */ = {isa = PBXBuildFile; fileRef = 581656152BF5C3920038818F /* AlertTextField.swift */; };
		582CDE7A2BCE41BE008C4980 /* PositionSlider.swift in Sources */ = {isa = PBXBuildFile; fileRef = 582CDE792BCE41BE008C4980 /* PositionSlider.swift */; };
		583088032BF072820004999F /* TitleTimeInput.swift in Sources */ = {isa = PBXBuildFile; fileRef = 583088022BF072820004999F /* TitleTimeInput.swift */; };
		5840EBC82BA7E81D0043C3EA /* ContentViewTest.swift in Sources */ = {isa = PBXBuildFile; fileRef = 5840EBBB2BA7E81D0043C3EA /* ContentViewTest.swift */; };
		5840EBD22BA7E9080043C3EA /* PlayList.json in Resources */ = {isa = PBXBuildFile; fileRef = 5840EBAD2BA7E81D0043C3EA /* PlayList.json */; };
		5853A5552BA68D9A0047F2EF /* ContentView.swift in Sources */ = {isa = PBXBuildFile; fileRef = 5894E47A2BA571760014C60E /* ContentView.swift */; };
		586C10092BDF3BD0000BAD9E /* PlayView.swift in Sources */ = {isa = PBXBuildFile; fileRef = 586C10082BDF3BD0000BAD9E /* PlayView.swift */; };
		586C100B2BE0A991000BAD9E /* SoundActionMenu.swift in Sources */ = {isa = PBXBuildFile; fileRef = 586C100A2BE0A991000BAD9E /* SoundActionMenu.swift */; };
		586C100D2BE1D1BC000BAD9E /* GroupActionMenu.swift in Sources */ = {isa = PBXBuildFile; fileRef = 586C100C2BE1D1BC000BAD9E /* GroupActionMenu.swift */; };
		586C100F2BE1F71F000BAD9E /* CustomDefine.swift in Sources */ = {isa = PBXBuildFile; fileRef = 586C100E2BE1F71F000BAD9E /* CustomDefine.swift */; };
		58729EE32BABD63D00FB28BB /* FullSoundInfo.swift in Sources */ = {isa = PBXBuildFile; fileRef = 58729EE22BABD63D00FB28BB /* FullSoundInfo.swift */; };
		58729EE52BABD67000FB28BB /* FolderInfo.swift in Sources */ = {isa = PBXBuildFile; fileRef = 58729EE42BABD67000FB28BB /* FolderInfo.swift */; };
		58729EE72BABD6A100FB28BB /* PlayListInfo.swift in Sources */ = {isa = PBXBuildFile; fileRef = 58729EE62BABD6A100FB28BB /* PlayListInfo.swift */; };
		5894E43A2BA56F120014C60E /* Assets.xcassets in Resources */ = {isa = PBXBuildFile; fileRef = 5894E4392BA56F120014C60E /* Assets.xcassets */; };
		5894E43D2BA56F120014C60E /* Preview Assets.xcassets in Resources */ = {isa = PBXBuildFile; fileRef = 5894E43C2BA56F120014C60E /* Preview Assets.xcassets */; };
		5894E4472BA56F120014C60E /* SoundPlayerTests.swift in Sources */ = {isa = PBXBuildFile; fileRef = 5894E4462BA56F120014C60E /* SoundPlayerTests.swift */; };
		5894E4512BA56F120014C60E /* SoundPlayerUITests.swift in Sources */ = {isa = PBXBuildFile; fileRef = 5894E4502BA56F120014C60E /* SoundPlayerUITests.swift */; };
		5894E4532BA56F120014C60E /* SoundPlayerUITestsLaunchTests.swift in Sources */ = {isa = PBXBuildFile; fileRef = 5894E4522BA56F120014C60E /* SoundPlayerUITestsLaunchTests.swift */; };
		5894E4612BA56F350014C60E /* GroupListView.swift in Sources */ = {isa = PBXBuildFile; fileRef = 5894E45F2BA56F350014C60E /* GroupListView.swift */; };
		5894E4662BA56F740014C60E /* Player.swift in Sources */ = {isa = PBXBuildFile; fileRef = 5894E4632BA56F740014C60E /* Player.swift */; };
		5894E4672BA56F740014C60E /* Utility.swift in Sources */ = {isa = PBXBuildFile; fileRef = 5894E4642BA56F740014C60E /* Utility.swift */; };
		5894E46C2BA56F820014C60E /* GroupInfo.swift in Sources */ = {isa = PBXBuildFile; fileRef = 5894E4682BA56F820014C60E /* GroupInfo.swift */; };
		5894E46D2BA56F820014C60E /* SoundInfo.swift in Sources */ = {isa = PBXBuildFile; fileRef = 5894E4692BA56F820014C60E /* SoundInfo.swift */; };
		5894E46E2BA56F820014C60E /* ViewModel.swift in Sources */ = {isa = PBXBuildFile; fileRef = 5894E46A2BA56F820014C60E /* ViewModel.swift */; };
		5894E4722BA56FA80014C60E /* SoundPlayerApp.swift in Sources */ = {isa = PBXBuildFile; fileRef = 5894E46F2BA56FA80014C60E /* SoundPlayerApp.swift */; };
		5894E4732BA56FA80014C60E /* SoundListView.swift in Sources */ = {isa = PBXBuildFile; fileRef = 5894E4702BA56FA80014C60E /* SoundListView.swift */; };
		5894E4742BA56FA80014C60E /* ViewCompornent.swift in Sources */ = {isa = PBXBuildFile; fileRef = 5894E4712BA56FA80014C60E /* ViewCompornent.swift */; };
		5899ADEF2BFC608600AC075D /* S1.mp3 in Resources */ = {isa = PBXBuildFile; fileRef = 5899ADEC2BFC608600AC075D /* S1.mp3 */; };
		5899ADF02BFC608600AC075D /* S2.mp3 in Resources */ = {isa = PBXBuildFile; fileRef = 5899ADED2BFC608600AC075D /* S2.mp3 */; };
		5899ADF12BFC608600AC075D /* S3.mp3 in Resources */ = {isa = PBXBuildFile; fileRef = 5899ADEE2BFC608600AC075D /* S3.mp3 */; };
		5899AE292C01903000AC075D /* SearchSounds.swift in Sources */ = {isa = PBXBuildFile; fileRef = 5899AE282C01903000AC075D /* SearchSounds.swift */; };
		58F70DB12BE60F19003F6B73 /* ToDo.swift in Sources */ = {isa = PBXBuildFile; fileRef = 58F70DB02BE60F19003F6B73 /* ToDo.swift */; };
/* End PBXBuildFile section */

/* Begin PBXContainerItemProxy section */
		5894E4432BA56F120014C60E /* PBXContainerItemProxy */ = {
			isa = PBXContainerItemProxy;
			containerPortal = 5894E42A2BA56F110014C60E /* Project object */;
			proxyType = 1;
			remoteGlobalIDString = 5894E4312BA56F110014C60E;
			remoteInfo = SoundPlayer;
		};
		5894E44D2BA56F120014C60E /* PBXContainerItemProxy */ = {
			isa = PBXContainerItemProxy;
			containerPortal = 5894E42A2BA56F110014C60E /* Project object */;
			proxyType = 1;
			remoteGlobalIDString = 5894E4312BA56F110014C60E;
			remoteInfo = SoundPlayer;
		};
/* End PBXContainerItemProxy section */

/* Begin PBXFileReference section */
		580F9F7A2BCCD03800DFC9D0 /* EmptyArtWork.png */ = {isa = PBXFileReference; lastKnownFileType = image.png; path = EmptyArtWork.png; sourceTree = "<group>"; };
		581656152BF5C3920038818F /* AlertTextField.swift */ = {isa = PBXFileReference; lastKnownFileType = sourcecode.swift; path = AlertTextField.swift; sourceTree = "<group>"; };
		582CDE792BCE41BE008C4980 /* PositionSlider.swift */ = {isa = PBXFileReference; lastKnownFileType = sourcecode.swift; path = PositionSlider.swift; sourceTree = "<group>"; };
		583088022BF072820004999F /* TitleTimeInput.swift */ = {isa = PBXFileReference; lastKnownFileType = sourcecode.swift; path = TitleTimeInput.swift; sourceTree = "<group>"; };
		5840EBAD2BA7E81D0043C3EA /* PlayList.json */ = {isa = PBXFileReference; fileEncoding = 4; lastKnownFileType = text.json; path = PlayList.json; sourceTree = "<group>"; };
		5840EBBB2BA7E81D0043C3EA /* ContentViewTest.swift */ = {isa = PBXFileReference; fileEncoding = 4; lastKnownFileType = sourcecode.swift; path = ContentViewTest.swift; sourceTree = "<group>"; };
		586C10082BDF3BD0000BAD9E /* PlayView.swift */ = {isa = PBXFileReference; lastKnownFileType = sourcecode.swift; path = PlayView.swift; sourceTree = "<group>"; };
		586C100A2BE0A991000BAD9E /* SoundActionMenu.swift */ = {isa = PBXFileReference; lastKnownFileType = sourcecode.swift; path = SoundActionMenu.swift; sourceTree = "<group>"; };
		586C100C2BE1D1BC000BAD9E /* GroupActionMenu.swift */ = {isa = PBXFileReference; lastKnownFileType = sourcecode.swift; path = GroupActionMenu.swift; sourceTree = "<group>"; };
		586C100E2BE1F71F000BAD9E /* CustomDefine.swift */ = {isa = PBXFileReference; lastKnownFileType = sourcecode.swift; path = CustomDefine.swift; sourceTree = "<group>"; };
		58729EE22BABD63D00FB28BB /* FullSoundInfo.swift */ = {isa = PBXFileReference; lastKnownFileType = sourcecode.swift; path = FullSoundInfo.swift; sourceTree = "<group>"; };
		58729EE42BABD67000FB28BB /* FolderInfo.swift */ = {isa = PBXFileReference; lastKnownFileType = sourcecode.swift; path = FolderInfo.swift; sourceTree = "<group>"; };
		58729EE62BABD6A100FB28BB /* PlayListInfo.swift */ = {isa = PBXFileReference; lastKnownFileType = sourcecode.swift; path = PlayListInfo.swift; sourceTree = "<group>"; };
		5894E4322BA56F110014C60E /* SoundPlayer.app */ = {isa = PBXFileReference; explicitFileType = wrapper.application; includeInIndex = 0; path = SoundPlayer.app; sourceTree = BUILT_PRODUCTS_DIR; };
		5894E4392BA56F120014C60E /* Assets.xcassets */ = {isa = PBXFileReference; lastKnownFileType = folder.assetcatalog; path = Assets.xcassets; sourceTree = "<group>"; };
		5894E43C2BA56F120014C60E /* Preview Assets.xcassets */ = {isa = PBXFileReference; lastKnownFileType = folder.assetcatalog; path = "Preview Assets.xcassets"; sourceTree = "<group>"; };
		5894E4422BA56F120014C60E /* SoundPlayerTests.xctest */ = {isa = PBXFileReference; explicitFileType = wrapper.cfbundle; includeInIndex = 0; path = SoundPlayerTests.xctest; sourceTree = BUILT_PRODUCTS_DIR; };
		5894E4462BA56F120014C60E /* SoundPlayerTests.swift */ = {isa = PBXFileReference; lastKnownFileType = sourcecode.swift; path = SoundPlayerTests.swift; sourceTree = "<group>"; };
		5894E44C2BA56F120014C60E /* SoundPlayerUITests.xctest */ = {isa = PBXFileReference; explicitFileType = wrapper.cfbundle; includeInIndex = 0; path = SoundPlayerUITests.xctest; sourceTree = BUILT_PRODUCTS_DIR; };
		5894E4502BA56F120014C60E /* SoundPlayerUITests.swift */ = {isa = PBXFileReference; lastKnownFileType = sourcecode.swift; path = SoundPlayerUITests.swift; sourceTree = "<group>"; };
		5894E4522BA56F120014C60E /* SoundPlayerUITestsLaunchTests.swift */ = {isa = PBXFileReference; lastKnownFileType = sourcecode.swift; path = SoundPlayerUITestsLaunchTests.swift; sourceTree = "<group>"; };
		5894E45F2BA56F350014C60E /* GroupListView.swift */ = {isa = PBXFileReference; fileEncoding = 4; lastKnownFileType = sourcecode.swift; path = GroupListView.swift; sourceTree = "<group>"; };
		5894E4632BA56F740014C60E /* Player.swift */ = {isa = PBXFileReference; fileEncoding = 4; lastKnownFileType = sourcecode.swift; path = Player.swift; sourceTree = "<group>"; };
		5894E4642BA56F740014C60E /* Utility.swift */ = {isa = PBXFileReference; fileEncoding = 4; lastKnownFileType = sourcecode.swift; path = Utility.swift; sourceTree = "<group>"; };
		5894E4682BA56F820014C60E /* GroupInfo.swift */ = {isa = PBXFileReference; fileEncoding = 4; lastKnownFileType = sourcecode.swift; path = GroupInfo.swift; sourceTree = "<group>"; };
		5894E4692BA56F820014C60E /* SoundInfo.swift */ = {isa = PBXFileReference; fileEncoding = 4; lastKnownFileType = sourcecode.swift; path = SoundInfo.swift; sourceTree = "<group>"; };
		5894E46A2BA56F820014C60E /* ViewModel.swift */ = {isa = PBXFileReference; fileEncoding = 4; lastKnownFileType = sourcecode.swift; path = ViewModel.swift; sourceTree = "<group>"; };
		5894E46F2BA56FA80014C60E /* SoundPlayerApp.swift */ = {isa = PBXFileReference; fileEncoding = 4; lastKnownFileType = sourcecode.swift; path = SoundPlayerApp.swift; sourceTree = "<group>"; };
		5894E4702BA56FA80014C60E /* SoundListView.swift */ = {isa = PBXFileReference; fileEncoding = 4; lastKnownFileType = sourcecode.swift; path = SoundListView.swift; sourceTree = "<group>"; };
		5894E4712BA56FA80014C60E /* ViewCompornent.swift */ = {isa = PBXFileReference; fileEncoding = 4; lastKnownFileType = sourcecode.swift; path = ViewCompornent.swift; sourceTree = "<group>"; };
		5894E4752BA570140014C60E /* Info.plist */ = {isa = PBXFileReference; lastKnownFileType = text.plist; path = Info.plist; sourceTree = "<group>"; };
		5894E47A2BA571760014C60E /* ContentView.swift */ = {isa = PBXFileReference; lastKnownFileType = sourcecode.swift; path = ContentView.swift; sourceTree = "<group>"; };
		5899ADEC2BFC608600AC075D /* S1.mp3 */ = {isa = PBXFileReference; lastKnownFileType = audio.mp3; path = S1.mp3; sourceTree = "<group>"; };
		5899ADED2BFC608600AC075D /* S2.mp3 */ = {isa = PBXFileReference; lastKnownFileType = audio.mp3; path = S2.mp3; sourceTree = "<group>"; };
		5899ADEE2BFC608600AC075D /* S3.mp3 */ = {isa = PBXFileReference; lastKnownFileType = audio.mp3; path = S3.mp3; sourceTree = "<group>"; };
		5899AE282C01903000AC075D /* SearchSounds.swift */ = {isa = PBXFileReference; lastKnownFileType = sourcecode.swift; path = SearchSounds.swift; sourceTree = "<group>"; };
		58F70DB02BE60F19003F6B73 /* ToDo.swift */ = {isa = PBXFileReference; lastKnownFileType = sourcecode.swift; path = ToDo.swift; sourceTree = "<group>"; };
/* End PBXFileReference section */

/* Begin PBXFrameworksBuildPhase section */
		5894E42F2BA56F110014C60E /* Frameworks */ = {
			isa = PBXFrameworksBuildPhase;
			buildActionMask = 2147483647;
			files = (
			);
			runOnlyForDeploymentPostprocessing = 0;
		};
		5894E43F2BA56F120014C60E /* Frameworks */ = {
			isa = PBXFrameworksBuildPhase;
			buildActionMask = 2147483647;
			files = (
			);
			runOnlyForDeploymentPostprocessing = 0;
		};
		5894E4492BA56F120014C60E /* Frameworks */ = {
			isa = PBXFrameworksBuildPhase;
			buildActionMask = 2147483647;
			files = (
			);
			runOnlyForDeploymentPostprocessing = 0;
		};
/* End PBXFrameworksBuildPhase section */

/* Begin PBXGroup section */
		580F9F792BCCCF3B00DFC9D0 /* Resource */ = {
			isa = PBXGroup;
			children = (
				580F9F7A2BCCD03800DFC9D0 /* EmptyArtWork.png */,
			);
			path = Resource;
			sourceTree = "<group>";
		};
		5840EBAE2BA7E81D0043C3EA /* Json */ = {
			isa = PBXGroup;
			children = (
				5840EBAD2BA7E81D0043C3EA /* PlayList.json */,
			);
			path = Json;
			sourceTree = "<group>";
		};
		5840EBB92BA7E81D0043C3EA /* MP3 */ = {
			isa = PBXGroup;
			children = (
				5899ADEC2BFC608600AC075D /* S1.mp3 */,
				5899ADED2BFC608600AC075D /* S2.mp3 */,
				5899ADEE2BFC608600AC075D /* S3.mp3 */,
			);
			path = MP3;
			sourceTree = "<group>";
		};
		5840EBBA2BA7E81D0043C3EA /* Resources */ = {
			isa = PBXGroup;
			children = (
				5840EBAE2BA7E81D0043C3EA /* Json */,
				5840EBB92BA7E81D0043C3EA /* MP3 */,
			);
			path = Resources;
			sourceTree = "<group>";
		};
		5840EBBC2BA7E81D0043C3EA /* TestView */ = {
			isa = PBXGroup;
			children = (
				5840EBBB2BA7E81D0043C3EA /* ContentViewTest.swift */,
			);
			path = TestView;
			sourceTree = "<group>";
		};
		5840EBBD2BA7E81D0043C3EA /* TestResources */ = {
			isa = PBXGroup;
			children = (
				5840EBBA2BA7E81D0043C3EA /* Resources */,
				5840EBBC2BA7E81D0043C3EA /* TestView */,
			);
			path = TestResources;
			sourceTree = "<group>";
		};
		5894E4292BA56F110014C60E = {
			isa = PBXGroup;
			children = (
				5894E4342BA56F110014C60E /* SoundPlayer */,
				5894E4452BA56F120014C60E /* SoundPlayerTests */,
				5894E44F2BA56F120014C60E /* SoundPlayerUITests */,
				5894E4332BA56F110014C60E /* Products */,
			);
			sourceTree = "<group>";
		};
		5894E4332BA56F110014C60E /* Products */ = {
			isa = PBXGroup;
			children = (
				5894E4322BA56F110014C60E /* SoundPlayer.app */,
				5894E4422BA56F120014C60E /* SoundPlayerTests.xctest */,
				5894E44C2BA56F120014C60E /* SoundPlayerUITests.xctest */,
			);
			name = Products;
			sourceTree = "<group>";
		};
		5894E4342BA56F110014C60E /* SoundPlayer */ = {
			isa = PBXGroup;
			children = (
				580F9F792BCCCF3B00DFC9D0 /* Resource */,
				58F70DB02BE60F19003F6B73 /* ToDo.swift */,
				5894E46F2BA56FA80014C60E /* SoundPlayerApp.swift */,
				5894E47A2BA571760014C60E /* ContentView.swift */,
				5894E4392BA56F120014C60E /* Assets.xcassets */,
				5894E4752BA570140014C60E /* Info.plist */,
				5894E4792BA571660014C60E /* View */,
				5894E46B2BA56F820014C60E /* Model */,
				5894E4652BA56F740014C60E /* Lib */,
				5840EBBD2BA7E81D0043C3EA /* TestResources */,
				5894E43B2BA56F120014C60E /* Preview Content */,
			);
			path = SoundPlayer;
			sourceTree = "<group>";
		};
		5894E43B2BA56F120014C60E /* Preview Content */ = {
			isa = PBXGroup;
			children = (
				5894E43C2BA56F120014C60E /* Preview Assets.xcassets */,
			);
			path = "Preview Content";
			sourceTree = "<group>";
		};
		5894E4452BA56F120014C60E /* SoundPlayerTests */ = {
			isa = PBXGroup;
			children = (
				5894E4462BA56F120014C60E /* SoundPlayerTests.swift */,
			);
			path = SoundPlayerTests;
			sourceTree = "<group>";
		};
		5894E44F2BA56F120014C60E /* SoundPlayerUITests */ = {
			isa = PBXGroup;
			children = (
				5894E4502BA56F120014C60E /* SoundPlayerUITests.swift */,
				5894E4522BA56F120014C60E /* SoundPlayerUITestsLaunchTests.swift */,
			);
			path = SoundPlayerUITests;
			sourceTree = "<group>";
		};
		5894E4652BA56F740014C60E /* Lib */ = {
			isa = PBXGroup;
			children = (
				5894E4632BA56F740014C60E /* Player.swift */,
				5894E4642BA56F740014C60E /* Utility.swift */,
				586C100E2BE1F71F000BAD9E /* CustomDefine.swift */,
			);
			path = Lib;
			sourceTree = "<group>";
		};
		5894E46B2BA56F820014C60E /* Model */ = {
			isa = PBXGroup;
			children = (
				5894E4682BA56F820014C60E /* GroupInfo.swift */,
				5894E4692BA56F820014C60E /* SoundInfo.swift */,
				5894E46A2BA56F820014C60E /* ViewModel.swift */,
				58729EE22BABD63D00FB28BB /* FullSoundInfo.swift */,
				58729EE42BABD67000FB28BB /* FolderInfo.swift */,
				58729EE62BABD6A100FB28BB /* PlayListInfo.swift */,
			);
			path = Model;
			sourceTree = "<group>";
		};
		5894E4792BA571660014C60E /* View */ = {
			isa = PBXGroup;
			children = (
				581656152BF5C3920038818F /* AlertTextField.swift */,
				5894E4702BA56FA80014C60E /* SoundListView.swift */,
				5894E4712BA56FA80014C60E /* ViewCompornent.swift */,
				5894E45F2BA56F350014C60E /* GroupListView.swift */,
				582CDE792BCE41BE008C4980 /* PositionSlider.swift */,
				586C10082BDF3BD0000BAD9E /* PlayView.swift */,
				586C100A2BE0A991000BAD9E /* SoundActionMenu.swift */,
				586C100C2BE1D1BC000BAD9E /* GroupActionMenu.swift */,
				583088022BF072820004999F /* TitleTimeInput.swift */,
				5899AE282C01903000AC075D /* SearchSounds.swift */,
			);
			path = View;
			sourceTree = "<group>";
		};
/* End PBXGroup section */

/* Begin PBXNativeTarget section */
		5894E4312BA56F110014C60E /* SoundPlayer */ = {
			isa = PBXNativeTarget;
			buildConfigurationList = 5894E4562BA56F120014C60E /* Build configuration list for PBXNativeTarget "SoundPlayer" */;
			buildPhases = (
				5894E42E2BA56F110014C60E /* Sources */,
				5894E42F2BA56F110014C60E /* Frameworks */,
				5894E4302BA56F110014C60E /* Resources */,
			);
			buildRules = (
			);
			dependencies = (
			);
			name = SoundPlayer;
			productName = SoundPlayer;
			productReference = 5894E4322BA56F110014C60E /* SoundPlayer.app */;
			productType = "com.apple.product-type.application";
		};
		5894E4412BA56F120014C60E /* SoundPlayerTests */ = {
			isa = PBXNativeTarget;
			buildConfigurationList = 5894E4592BA56F120014C60E /* Build configuration list for PBXNativeTarget "SoundPlayerTests" */;
			buildPhases = (
				5894E43E2BA56F120014C60E /* Sources */,
				5894E43F2BA56F120014C60E /* Frameworks */,
				5894E4402BA56F120014C60E /* Resources */,
			);
			buildRules = (
			);
			dependencies = (
				5894E4442BA56F120014C60E /* PBXTargetDependency */,
			);
			name = SoundPlayerTests;
			productName = SoundPlayerTests;
			productReference = 5894E4422BA56F120014C60E /* SoundPlayerTests.xctest */;
			productType = "com.apple.product-type.bundle.unit-test";
		};
		5894E44B2BA56F120014C60E /* SoundPlayerUITests */ = {
			isa = PBXNativeTarget;
			buildConfigurationList = 5894E45C2BA56F120014C60E /* Build configuration list for PBXNativeTarget "SoundPlayerUITests" */;
			buildPhases = (
				5894E4482BA56F120014C60E /* Sources */,
				5894E4492BA56F120014C60E /* Frameworks */,
				5894E44A2BA56F120014C60E /* Resources */,
			);
			buildRules = (
			);
			dependencies = (
				5894E44E2BA56F120014C60E /* PBXTargetDependency */,
			);
			name = SoundPlayerUITests;
			productName = SoundPlayerUITests;
			productReference = 5894E44C2BA56F120014C60E /* SoundPlayerUITests.xctest */;
			productType = "com.apple.product-type.bundle.ui-testing";
		};
/* End PBXNativeTarget section */

/* Begin PBXProject section */
		5894E42A2BA56F110014C60E /* Project object */ = {
			isa = PBXProject;
			attributes = {
				BuildIndependentTargetsInParallel = 1;
				LastSwiftUpdateCheck = 1530;
				LastUpgradeCheck = 1530;
				TargetAttributes = {
					5894E4312BA56F110014C60E = {
						CreatedOnToolsVersion = 15.3;
					};
					5894E4412BA56F120014C60E = {
						CreatedOnToolsVersion = 15.3;
						TestTargetID = 5894E4312BA56F110014C60E;
					};
					5894E44B2BA56F120014C60E = {
						CreatedOnToolsVersion = 15.3;
						TestTargetID = 5894E4312BA56F110014C60E;
					};
				};
			};
			buildConfigurationList = 5894E42D2BA56F110014C60E /* Build configuration list for PBXProject "SoundPlayer" */;
			compatibilityVersion = "Xcode 14.0";
			developmentRegion = en;
			hasScannedForEncodings = 0;
			knownRegions = (
				en,
				ja,
			);
			mainGroup = 5894E4292BA56F110014C60E;
			productRefGroup = 5894E4332BA56F110014C60E /* Products */;
			projectDirPath = "";
			projectRoot = "";
			targets = (
				5894E4312BA56F110014C60E /* SoundPlayer */,
				5894E4412BA56F120014C60E /* SoundPlayerTests */,
				5894E44B2BA56F120014C60E /* SoundPlayerUITests */,
			);
		};
/* End PBXProject section */

/* Begin PBXResourcesBuildPhase section */
		5894E4302BA56F110014C60E /* Resources */ = {
			isa = PBXResourcesBuildPhase;
			buildActionMask = 2147483647;
			files = (
				5840EBD22BA7E9080043C3EA /* PlayList.json in Resources */,
				5899ADF12BFC608600AC075D /* S3.mp3 in Resources */,
				5899ADF02BFC608600AC075D /* S2.mp3 in Resources */,
				5899ADEF2BFC608600AC075D /* S1.mp3 in Resources */,
				5894E43D2BA56F120014C60E /* Preview Assets.xcassets in Resources */,
				580F9F7B2BCCD03800DFC9D0 /* EmptyArtWork.png in Resources */,
				5894E43A2BA56F120014C60E /* Assets.xcassets in Resources */,
			);
			runOnlyForDeploymentPostprocessing = 0;
		};
		5894E4402BA56F120014C60E /* Resources */ = {
			isa = PBXResourcesBuildPhase;
			buildActionMask = 2147483647;
			files = (
			);
			runOnlyForDeploymentPostprocessing = 0;
		};
		5894E44A2BA56F120014C60E /* Resources */ = {
			isa = PBXResourcesBuildPhase;
			buildActionMask = 2147483647;
			files = (
			);
			runOnlyForDeploymentPostprocessing = 0;
		};
/* End PBXResourcesBuildPhase section */

/* Begin PBXSourcesBuildPhase section */
		5894E42E2BA56F110014C60E /* Sources */ = {
			isa = PBXSourcesBuildPhase;
			buildActionMask = 2147483647;
			files = (
				5894E4672BA56F740014C60E /* Utility.swift in Sources */,
				58729EE72BABD6A100FB28BB /* PlayListInfo.swift in Sources */,
				5840EBC82BA7E81D0043C3EA /* ContentViewTest.swift in Sources */,
				581656162BF5C3920038818F /* AlertTextField.swift in Sources */,
				582CDE7A2BCE41BE008C4980 /* PositionSlider.swift in Sources */,
				5853A5552BA68D9A0047F2EF /* ContentView.swift in Sources */,
				5894E4742BA56FA80014C60E /* ViewCompornent.swift in Sources */,
				58729EE52BABD67000FB28BB /* FolderInfo.swift in Sources */,
				5894E46D2BA56F820014C60E /* SoundInfo.swift in Sources */,
				583088032BF072820004999F /* TitleTimeInput.swift in Sources */,
				586C100F2BE1F71F000BAD9E /* CustomDefine.swift in Sources */,
				5894E4612BA56F350014C60E /* GroupListView.swift in Sources */,
				5899AE292C01903000AC075D /* SearchSounds.swift in Sources */,
				586C100B2BE0A991000BAD9E /* SoundActionMenu.swift in Sources */,
				58F70DB12BE60F19003F6B73 /* ToDo.swift in Sources */,
				58729EE32BABD63D00FB28BB /* FullSoundInfo.swift in Sources */,
				586C10092BDF3BD0000BAD9E /* PlayView.swift in Sources */,
				586C100D2BE1D1BC000BAD9E /* GroupActionMenu.swift in Sources */,
				5894E4662BA56F740014C60E /* Player.swift in Sources */,
				5894E46C2BA56F820014C60E /* GroupInfo.swift in Sources */,
				5894E4722BA56FA80014C60E /* SoundPlayerApp.swift in Sources */,
				5894E46E2BA56F820014C60E /* ViewModel.swift in Sources */,
				5894E4732BA56FA80014C60E /* SoundListView.swift in Sources */,
			);
			runOnlyForDeploymentPostprocessing = 0;
		};
		5894E43E2BA56F120014C60E /* Sources */ = {
			isa = PBXSourcesBuildPhase;
			buildActionMask = 2147483647;
			files = (
				5894E4472BA56F120014C60E /* SoundPlayerTests.swift in Sources */,
			);
			runOnlyForDeploymentPostprocessing = 0;
		};
		5894E4482BA56F120014C60E /* Sources */ = {
			isa = PBXSourcesBuildPhase;
			buildActionMask = 2147483647;
			files = (
				5894E4512BA56F120014C60E /* SoundPlayerUITests.swift in Sources */,
				5894E4532BA56F120014C60E /* SoundPlayerUITestsLaunchTests.swift in Sources */,
			);
			runOnlyForDeploymentPostprocessing = 0;
		};
/* End PBXSourcesBuildPhase section */

/* Begin PBXTargetDependency section */
		5894E4442BA56F120014C60E /* PBXTargetDependency */ = {
			isa = PBXTargetDependency;
			target = 5894E4312BA56F110014C60E /* SoundPlayer */;
			targetProxy = 5894E4432BA56F120014C60E /* PBXContainerItemProxy */;
		};
		5894E44E2BA56F120014C60E /* PBXTargetDependency */ = {
			isa = PBXTargetDependency;
			target = 5894E4312BA56F110014C60E /* SoundPlayer */;
			targetProxy = 5894E44D2BA56F120014C60E /* PBXContainerItemProxy */;
		};
/* End PBXTargetDependency section */

/* Begin XCBuildConfiguration section */
		5894E4542BA56F120014C60E /* Debug */ = {
			isa = XCBuildConfiguration;
			buildSettings = {
				ALWAYS_SEARCH_USER_PATHS = NO;
				ASSETCATALOG_COMPILER_GENERATE_SWIFT_ASSET_SYMBOL_EXTENSIONS = YES;
				CLANG_ANALYZER_NONNULL = YES;
				CLANG_ANALYZER_NUMBER_OBJECT_CONVERSION = YES_AGGRESSIVE;
				CLANG_CXX_LANGUAGE_STANDARD = "gnu++20";
				CLANG_ENABLE_MODULES = YES;
				CLANG_ENABLE_OBJC_ARC = YES;
				CLANG_ENABLE_OBJC_WEAK = YES;
				CLANG_WARN_BLOCK_CAPTURE_AUTORELEASING = YES;
				CLANG_WARN_BOOL_CONVERSION = YES;
				CLANG_WARN_COMMA = YES;
				CLANG_WARN_CONSTANT_CONVERSION = YES;
				CLANG_WARN_DEPRECATED_OBJC_IMPLEMENTATIONS = YES;
				CLANG_WARN_DIRECT_OBJC_ISA_USAGE = YES_ERROR;
				CLANG_WARN_DOCUMENTATION_COMMENTS = YES;
				CLANG_WARN_EMPTY_BODY = YES;
				CLANG_WARN_ENUM_CONVERSION = YES;
				CLANG_WARN_INFINITE_RECURSION = YES;
				CLANG_WARN_INT_CONVERSION = YES;
				CLANG_WARN_NON_LITERAL_NULL_CONVERSION = YES;
				CLANG_WARN_OBJC_IMPLICIT_RETAIN_SELF = YES;
				CLANG_WARN_OBJC_LITERAL_CONVERSION = YES;
				CLANG_WARN_OBJC_ROOT_CLASS = YES_ERROR;
				CLANG_WARN_QUOTED_INCLUDE_IN_FRAMEWORK_HEADER = YES;
				CLANG_WARN_RANGE_LOOP_ANALYSIS = YES;
				CLANG_WARN_STRICT_PROTOTYPES = YES;
				CLANG_WARN_SUSPICIOUS_MOVE = YES;
				CLANG_WARN_UNGUARDED_AVAILABILITY = YES_AGGRESSIVE;
				CLANG_WARN_UNREACHABLE_CODE = YES;
				CLANG_WARN__DUPLICATE_METHOD_MATCH = YES;
				COPY_PHASE_STRIP = NO;
				DEBUG_INFORMATION_FORMAT = dwarf;
				ENABLE_STRICT_OBJC_MSGSEND = YES;
				ENABLE_TESTABILITY = YES;
				ENABLE_USER_SCRIPT_SANDBOXING = YES;
				GCC_C_LANGUAGE_STANDARD = gnu17;
				GCC_DYNAMIC_NO_PIC = NO;
				GCC_NO_COMMON_BLOCKS = YES;
				GCC_OPTIMIZATION_LEVEL = 0;
				GCC_PREPROCESSOR_DEFINITIONS = (
					"DEBUG=1",
					"$(inherited)",
				);
				GCC_WARN_64_TO_32_BIT_CONVERSION = YES;
				GCC_WARN_ABOUT_RETURN_TYPE = YES_ERROR;
				GCC_WARN_UNDECLARED_SELECTOR = YES;
				GCC_WARN_UNINITIALIZED_AUTOS = YES_AGGRESSIVE;
				GCC_WARN_UNUSED_FUNCTION = YES;
				GCC_WARN_UNUSED_VARIABLE = YES;
				IPHONEOS_DEPLOYMENT_TARGET = 15.6;
				LOCALIZATION_PREFERS_STRING_CATALOGS = YES;
				MTL_ENABLE_DEBUG_INFO = INCLUDE_SOURCE;
				MTL_FAST_MATH = YES;
				ONLY_ACTIVE_ARCH = YES;
				SDKROOT = iphoneos;
				SWIFT_ACTIVE_COMPILATION_CONDITIONS = "DEBUG $(inherited)";
				SWIFT_OPTIMIZATION_LEVEL = "-Onone";
			};
			name = Debug;
		};
		5894E4552BA56F120014C60E /* Release */ = {
			isa = XCBuildConfiguration;
			buildSettings = {
				ALWAYS_SEARCH_USER_PATHS = NO;
				ASSETCATALOG_COMPILER_GENERATE_SWIFT_ASSET_SYMBOL_EXTENSIONS = YES;
				CLANG_ANALYZER_NONNULL = YES;
				CLANG_ANALYZER_NUMBER_OBJECT_CONVERSION = YES_AGGRESSIVE;
				CLANG_CXX_LANGUAGE_STANDARD = "gnu++20";
				CLANG_ENABLE_MODULES = YES;
				CLANG_ENABLE_OBJC_ARC = YES;
				CLANG_ENABLE_OBJC_WEAK = YES;
				CLANG_WARN_BLOCK_CAPTURE_AUTORELEASING = YES;
				CLANG_WARN_BOOL_CONVERSION = YES;
				CLANG_WARN_COMMA = YES;
				CLANG_WARN_CONSTANT_CONVERSION = YES;
				CLANG_WARN_DEPRECATED_OBJC_IMPLEMENTATIONS = YES;
				CLANG_WARN_DIRECT_OBJC_ISA_USAGE = YES_ERROR;
				CLANG_WARN_DOCUMENTATION_COMMENTS = YES;
				CLANG_WARN_EMPTY_BODY = YES;
				CLANG_WARN_ENUM_CONVERSION = YES;
				CLANG_WARN_INFINITE_RECURSION = YES;
				CLANG_WARN_INT_CONVERSION = YES;
				CLANG_WARN_NON_LITERAL_NULL_CONVERSION = YES;
				CLANG_WARN_OBJC_IMPLICIT_RETAIN_SELF = YES;
				CLANG_WARN_OBJC_LITERAL_CONVERSION = YES;
				CLANG_WARN_OBJC_ROOT_CLASS = YES_ERROR;
				CLANG_WARN_QUOTED_INCLUDE_IN_FRAMEWORK_HEADER = YES;
				CLANG_WARN_RANGE_LOOP_ANALYSIS = YES;
				CLANG_WARN_STRICT_PROTOTYPES = YES;
				CLANG_WARN_SUSPICIOUS_MOVE = YES;
				CLANG_WARN_UNGUARDED_AVAILABILITY = YES_AGGRESSIVE;
				CLANG_WARN_UNREACHABLE_CODE = YES;
				CLANG_WARN__DUPLICATE_METHOD_MATCH = YES;
				COPY_PHASE_STRIP = NO;
				DEBUG_INFORMATION_FORMAT = "dwarf-with-dsym";
				ENABLE_NS_ASSERTIONS = NO;
				ENABLE_STRICT_OBJC_MSGSEND = YES;
				ENABLE_USER_SCRIPT_SANDBOXING = YES;
				GCC_C_LANGUAGE_STANDARD = gnu17;
				GCC_NO_COMMON_BLOCKS = YES;
				GCC_WARN_64_TO_32_BIT_CONVERSION = YES;
				GCC_WARN_ABOUT_RETURN_TYPE = YES_ERROR;
				GCC_WARN_UNDECLARED_SELECTOR = YES;
				GCC_WARN_UNINITIALIZED_AUTOS = YES_AGGRESSIVE;
				GCC_WARN_UNUSED_FUNCTION = YES;
				GCC_WARN_UNUSED_VARIABLE = YES;
				IPHONEOS_DEPLOYMENT_TARGET = 15.6;
				LOCALIZATION_PREFERS_STRING_CATALOGS = YES;
				MTL_ENABLE_DEBUG_INFO = NO;
				MTL_FAST_MATH = YES;
				SDKROOT = iphoneos;
				SWIFT_COMPILATION_MODE = wholemodule;
				VALIDATE_PRODUCT = YES;
			};
			name = Release;
		};
		5894E4572BA56F120014C60E /* Debug */ = {
			isa = XCBuildConfiguration;
			buildSettings = {
				ASSETCATALOG_COMPILER_APPICON_NAME = AppIcon;
				ASSETCATALOG_COMPILER_GLOBAL_ACCENT_COLOR_NAME = AccentColor;
				CODE_SIGN_STYLE = Automatic;
				CURRENT_PROJECT_VERSION = 1;
				DEVELOPMENT_ASSET_PATHS = "\"SoundPlayer/Preview Content\"";
				DEVELOPMENT_TEAM = RXH9JZ9QK7;
				ENABLE_PREVIEWS = YES;
				GENERATE_INFOPLIST_FILE = YES;
				INFOPLIST_FILE = SoundPlayer/Info.plist;
				INFOPLIST_KEY_CFBundleDisplayName = "";
				INFOPLIST_KEY_LSApplicationCategoryType = "";
				INFOPLIST_KEY_UIApplicationSceneManifest_Generation = YES;
				INFOPLIST_KEY_UIApplicationSupportsIndirectInputEvents = YES;
				INFOPLIST_KEY_UISupportedInterfaceOrientations = "UIInterfaceOrientationPortrait UIInterfaceOrientationPortraitUpsideDown";
				INFOPLIST_KEY_UISupportedInterfaceOrientations_iPad = "UIInterfaceOrientationLandscapeLeft UIInterfaceOrientationLandscapeRight UIInterfaceOrientationPortrait UIInterfaceOrientationPortraitUpsideDown";
				IPHONEOS_DEPLOYMENT_TARGET = 17.0;
				LD_RUNPATH_SEARCH_PATHS = (
					"$(inherited)",
					"@executable_path/Frameworks",
				);
				MARKETING_VERSION = 1.0;
				PRODUCT_BUNDLE_IDENTIFIER = "blitz2002jp-gmail.com.SoundPlayer";
				PRODUCT_NAME = "$(TARGET_NAME)";
				SWIFT_EMIT_LOC_STRINGS = YES;
				SWIFT_VERSION = 5.0;
				TARGETED_DEVICE_FAMILY = "1,2";
			};
			name = Debug;
		};
		5894E4582BA56F120014C60E /* Release */ = {
			isa = XCBuildConfiguration;
			buildSettings = {
				ASSETCATALOG_COMPILER_APPICON_NAME = AppIcon;
				ASSETCATALOG_COMPILER_GLOBAL_ACCENT_COLOR_NAME = AccentColor;
				CODE_SIGN_STYLE = Automatic;
				CURRENT_PROJECT_VERSION = 1;
				DEVELOPMENT_ASSET_PATHS = "\"SoundPlayer/Preview Content\"";
				DEVELOPMENT_TEAM = RXH9JZ9QK7;
				ENABLE_PREVIEWS = YES;
				GENERATE_INFOPLIST_FILE = YES;
				INFOPLIST_FILE = SoundPlayer/Info.plist;
				INFOPLIST_KEY_CFBundleDisplayName = "";
				INFOPLIST_KEY_LSApplicationCategoryType = "";
				INFOPLIST_KEY_UIApplicationSceneManifest_Generation = YES;
				INFOPLIST_KEY_UIApplicationSupportsIndirectInputEvents = YES;
				INFOPLIST_KEY_UISupportedInterfaceOrientations = "UIInterfaceOrientationPortrait UIInterfaceOrientationPortraitUpsideDown";
				INFOPLIST_KEY_UISupportedInterfaceOrientations_iPad = "UIInterfaceOrientationLandscapeLeft UIInterfaceOrientationLandscapeRight UIInterfaceOrientationPortrait UIInterfaceOrientationPortraitUpsideDown";
				IPHONEOS_DEPLOYMENT_TARGET = 17.0;
				LD_RUNPATH_SEARCH_PATHS = (
					"$(inherited)",
					"@executable_path/Frameworks",
				);
				MARKETING_VERSION = 1.0;
				PRODUCT_BUNDLE_IDENTIFIER = "blitz2002jp-gmail.com.SoundPlayer";
				PRODUCT_NAME = "$(TARGET_NAME)";
				SWIFT_EMIT_LOC_STRINGS = YES;
				SWIFT_VERSION = 5.0;
				TARGETED_DEVICE_FAMILY = "1,2";
			};
			name = Release;
		};
		5894E45A2BA56F120014C60E /* Debug */ = {
			isa = XCBuildConfiguration;
			buildSettings = {
				ALWAYS_EMBED_SWIFT_STANDARD_LIBRARIES = YES;
				BUNDLE_LOADER = "$(TEST_HOST)";
				CODE_SIGN_STYLE = Automatic;
				CURRENT_PROJECT_VERSION = 1;
				DEVELOPMENT_TEAM = RXH9JZ9QK7;
				GENERATE_INFOPLIST_FILE = YES;
				IPHONEOS_DEPLOYMENT_TARGET = 17.4;
				MARKETING_VERSION = 1.0;
				PRODUCT_BUNDLE_IDENTIFIER = "blitz2002jp-gmail.com.SoundPlayerTests";
				PRODUCT_NAME = "$(TARGET_NAME)";
				SWIFT_EMIT_LOC_STRINGS = NO;
				SWIFT_VERSION = 5.0;
				TARGETED_DEVICE_FAMILY = "1,2";
				TEST_HOST = "$(BUILT_PRODUCTS_DIR)/SoundPlayer.app/$(BUNDLE_EXECUTABLE_FOLDER_PATH)/SoundPlayer";
			};
			name = Debug;
		};
		5894E45B2BA56F120014C60E /* Release */ = {
			isa = XCBuildConfiguration;
			buildSettings = {
				ALWAYS_EMBED_SWIFT_STANDARD_LIBRARIES = YES;
				BUNDLE_LOADER = "$(TEST_HOST)";
				CODE_SIGN_STYLE = Automatic;
				CURRENT_PROJECT_VERSION = 1;
				DEVELOPMENT_TEAM = RXH9JZ9QK7;
				GENERATE_INFOPLIST_FILE = YES;
				IPHONEOS_DEPLOYMENT_TARGET = 17.4;
				MARKETING_VERSION = 1.0;
				PRODUCT_BUNDLE_IDENTIFIER = "blitz2002jp-gmail.com.SoundPlayerTests";
				PRODUCT_NAME = "$(TARGET_NAME)";
				SWIFT_EMIT_LOC_STRINGS = NO;
				SWIFT_VERSION = 5.0;
				TARGETED_DEVICE_FAMILY = "1,2";
				TEST_HOST = "$(BUILT_PRODUCTS_DIR)/SoundPlayer.app/$(BUNDLE_EXECUTABLE_FOLDER_PATH)/SoundPlayer";
			};
			name = Release;
		};
		5894E45D2BA56F120014C60E /* Debug */ = {
			isa = XCBuildConfiguration;
			buildSettings = {
				ALWAYS_EMBED_SWIFT_STANDARD_LIBRARIES = YES;
				CODE_SIGN_STYLE = Automatic;
				CURRENT_PROJECT_VERSION = 1;
				DEVELOPMENT_TEAM = RXH9JZ9QK7;
				GENERATE_INFOPLIST_FILE = YES;
				MARKETING_VERSION = 1.0;
				PRODUCT_BUNDLE_IDENTIFIER = "blitz2002jp-gmail.com.SoundPlayerUITests";
				PRODUCT_NAME = "$(TARGET_NAME)";
				SWIFT_EMIT_LOC_STRINGS = NO;
				SWIFT_VERSION = 5.0;
				TARGETED_DEVICE_FAMILY = "1,2";
				TEST_TARGET_NAME = SoundPlayer;
			};
			name = Debug;
		};
		5894E45E2BA56F120014C60E /* Release */ = {
			isa = XCBuildConfiguration;
			buildSettings = {
				ALWAYS_EMBED_SWIFT_STANDARD_LIBRARIES = YES;
				CODE_SIGN_STYLE = Automatic;
				CURRENT_PROJECT_VERSION = 1;
				DEVELOPMENT_TEAM = RXH9JZ9QK7;
				GENERATE_INFOPLIST_FILE = YES;
				MARKETING_VERSION = 1.0;
				PRODUCT_BUNDLE_IDENTIFIER = "blitz2002jp-gmail.com.SoundPlayerUITests";
				PRODUCT_NAME = "$(TARGET_NAME)";
				SWIFT_EMIT_LOC_STRINGS = NO;
				SWIFT_VERSION = 5.0;
				TARGETED_DEVICE_FAMILY = "1,2";
				TEST_TARGET_NAME = SoundPlayer;
			};
			name = Release;
		};
/* End XCBuildConfiguration section */

/* Begin XCConfigurationList section */
		5894E42D2BA56F110014C60E /* Build configuration list for PBXProject "SoundPlayer" */ = {
			isa = XCConfigurationList;
			buildConfigurations = (
				5894E4542BA56F120014C60E /* Debug */,
				5894E4552BA56F120014C60E /* Release */,
			);
			defaultConfigurationIsVisible = 0;
			defaultConfigurationName = Release;
		};
		5894E4562BA56F120014C60E /* Build configuration list for PBXNativeTarget "SoundPlayer" */ = {
			isa = XCConfigurationList;
			buildConfigurations = (
				5894E4572BA56F120014C60E /* Debug */,
				5894E4582BA56F120014C60E /* Release */,
			);
			defaultConfigurationIsVisible = 0;
			defaultConfigurationName = Release;
		};
		5894E4592BA56F120014C60E /* Build configuration list for PBXNativeTarget "SoundPlayerTests" */ = {
			isa = XCConfigurationList;
			buildConfigurations = (
				5894E45A2BA56F120014C60E /* Debug */,
				5894E45B2BA56F120014C60E /* Release */,
			);
			defaultConfigurationIsVisible = 0;
			defaultConfigurationName = Release;
		};
		5894E45C2BA56F120014C60E /* Build configuration list for PBXNativeTarget "SoundPlayerUITests" */ = {
			isa = XCConfigurationList;
			buildConfigurations = (
				5894E45D2BA56F120014C60E /* Debug */,
				5894E45E2BA56F120014C60E /* Release */,
			);
			defaultConfigurationIsVisible = 0;
			defaultConfigurationName = Release;
		};
/* End XCConfigurationList section */
	};
	rootObject = 5894E42A2BA56F110014C60E /* Project object */;
}
